
Microsoft Visual Studio Solution File, Format Version 12.00
# Visual Studio Version 16
VisualStudioVersion = 16.0.31613.86
MinimumVisualStudioVersion = 10.0.40219.1
Project("{FAE04EC0-301F-11D3-BF4B-00C04F79EFBC}") = "SmartVkApi", "SmartVkApi\SmartVkApi.csproj", "{A9AA652A-3FE4-4D6D-9BBC-3481A0AC1E1E}"
EndProject
Global
	GlobalSection(SolutionConfigurationPlatforms) = preSolution
		Debug|Any CPU = Debug|Any CPU
		Release|Any CPU = Release|Any CPU
	EndGlobalSection
	GlobalSection(ProjectConfigurationPlatforms) = postSolution
		{A9AA652A-3FE4-4D6D-9BBC-3481A0AC1E1E}.Debug|Any CPU.ActiveCfg = Debug|Any CPU
		{A9AA652A-3FE4-4D6D-9BBC-3481A0AC1E1E}.Debug|Any CPU.Build.0 = Debug|Any CPU
		{A9AA652A-3FE4-4D6D-9BBC-3481A0AC1E1E}.Release|Any CPU.ActiveCfg = Release|Any CPU
		{A9AA652A-3FE4-4D6D-9BBC-3481A0AC1E1E}.Release|Any CPU.Build.0 = Release|Any CPU
	EndGlobalSection
	GlobalSection(SolutionProperties) = preSolution
		HideSolutionNode = FALSE
	EndGlobalSection
	GlobalSection(ExtensibilityGlobals) = postSolution
		SolutionGuid = {A43A2269-3FDC-424C-8D59-32C1F8314C81}
	EndGlobalSection
EndGlobal
