
Microsoft Visual Studio Solution File, Format Version 12.00
# Visual Studio Version 17
VisualStudioVersion = 17.2.32526.322
MinimumVisualStudioVersion = 10.0.40219.1
Project("{FAE04EC0-301F-11D3-BF4B-00C04F79EFBC}") = "VK_API", "VK_API\VK_API.csproj", "{22071242-F860-4F91-8D72-DD2A7633343F}"
EndProject
Global
	GlobalSection(SolutionConfigurationPlatforms) = preSolution
		Debug|Any CPU = Debug|Any CPU
		Release|Any CPU = Release|Any CPU
	EndGlobalSection
	GlobalSection(ProjectConfigurationPlatforms) = postSolution
		{22071242-F860-4F91-8D72-DD2A7633343F}.Debug|Any CPU.ActiveCfg = Debug|Any CPU
		{22071242-F860-4F91-8D72-DD2A7633343F}.Debug|Any CPU.Build.0 = Debug|Any CPU
		{22071242-F860-4F91-8D72-DD2A7633343F}.Release|Any CPU.ActiveCfg = Release|Any CPU
		{22071242-F860-4F91-8D72-DD2A7633343F}.Release|Any CPU.Build.0 = Release|Any CPU
	EndGlobalSection
	GlobalSection(SolutionProperties) = preSolution
		HideSolutionNode = FALSE
	EndGlobalSection
	GlobalSection(ExtensibilityGlobals) = postSolution
		SolutionGuid = {6DDED9DC-9ED9-4170-BE97-F3403C11CF72}
	EndGlobalSection
EndGlobal
