
Microsoft Visual Studio Solution File, Format Version 12.00
# Visual Studio Version 17
VisualStudioVersion = 17.0.32014.148
MinimumVisualStudioVersion = 10.0.40219.1
Project("{9A19103F-16F7-4668-BE54-9A1E7A4F7556}") = "UserInterfaceTest", "UserInterfaceTest\UserInterfaceTest.csproj", "{13A29163-300C-4AC3-9A73-5E9A42752136}"
EndProject
Project("{FAE04EC0-301F-11D3-BF4B-00C04F79EFBC}") = "AutoItLib", "AutoItLib\AutoItLib.csproj", "{1E3390EB-6F52-4278-81AE-5759073C4A45}"
EndProject
Global
	GlobalSection(SolutionConfigurationPlatforms) = preSolution
		Debug|Any CPU = Debug|Any CPU
		Release|Any CPU = Release|Any CPU
	EndGlobalSection
	GlobalSection(ProjectConfigurationPlatforms) = postSolution
		{13A29163-300C-4AC3-9A73-5E9A42752136}.Debug|Any CPU.ActiveCfg = Debug|Any CPU
		{13A29163-300C-4AC3-9A73-5E9A42752136}.Debug|Any CPU.Build.0 = Debug|Any CPU
		{13A29163-300C-4AC3-9A73-5E9A42752136}.Release|Any CPU.ActiveCfg = Release|Any CPU
		{13A29163-300C-4AC3-9A73-5E9A42752136}.Release|Any CPU.Build.0 = Release|Any CPU
		{1E3390EB-6F52-4278-81AE-5759073C4A45}.Debug|Any CPU.ActiveCfg = Debug|Any CPU
		{1E3390EB-6F52-4278-81AE-5759073C4A45}.Debug|Any CPU.Build.0 = Debug|Any CPU
		{1E3390EB-6F52-4278-81AE-5759073C4A45}.Release|Any CPU.ActiveCfg = Release|Any CPU
		{1E3390EB-6F52-4278-81AE-5759073C4A45}.Release|Any CPU.Build.0 = Release|Any CPU
	EndGlobalSection
	GlobalSection(SolutionProperties) = preSolution
		HideSolutionNode = FALSE
	EndGlobalSection
	GlobalSection(ExtensibilityGlobals) = postSolution
		SolutionGuid = {A2C5C317-74FE-4324-8B96-C60FCE6466EF}
	EndGlobalSection
EndGlobal
